// !$*UTF8*$!
{
	archiveVersion = 1;
	classes = {
	};
	objectVersion = 56;
	objects = {

/* Begin PBXBuildFile section */
		2CB4717B2AFC7FEE00151620 /* AppDelegate.swift in Sources */ = {isa = PBXBuildFile; fileRef = 2CB4717A2AFC7FEE00151620 /* AppDelegate.swift */; };
		2CB4717D2AFC7FEE00151620 /* GameScene.sks in Resources */ = {isa = PBXBuildFile; fileRef = 2CB4717C2AFC7FEE00151620 /* GameScene.sks */; };
		2CB4717F2AFC7FEE00151620 /* Actions.sks in Resources */ = {isa = PBXBuildFile; fileRef = 2CB4717E2AFC7FEE00151620 /* Actions.sks */; };
		2CB471812AFC7FEE00151620 /* GameScene.swift in Sources */ = {isa = PBXBuildFile; fileRef = 2CB471802AFC7FEE00151620 /* GameScene.swift */; };
		2CB471832AFC7FEE00151620 /* GameViewController.swift in Sources */ = {isa = PBXBuildFile; fileRef = 2CB471822AFC7FEE00151620 /* GameViewController.swift */; };
		2CB471862AFC7FEE00151620 /* Main.storyboard in Resources */ = {isa = PBXBuildFile; fileRef = 2CB471842AFC7FEE00151620 /* Main.storyboard */; };
		2CB471882AFC7FF100151620 /* Assets.xcassets in Resources */ = {isa = PBXBuildFile; fileRef = 2CB471872AFC7FF100151620 /* Assets.xcassets */; };
		2CB4718B2AFC7FF100151620 /* LaunchScreen.storyboard in Resources */ = {isa = PBXBuildFile; fileRef = 2CB471892AFC7FF100151620 /* LaunchScreen.storyboard */; };
		2CB471952AFC7FF100151620 /* AssteroidsTests.swift in Sources */ = {isa = PBXBuildFile; fileRef = 2CB471942AFC7FF100151620 /* AssteroidsTests.swift */; };
		2CB4719F2AFC7FF200151620 /* AssteroidsUITests.swift in Sources */ = {isa = PBXBuildFile; fileRef = 2CB4719E2AFC7FF200151620 /* AssteroidsUITests.swift */; };
		2CB471A12AFC7FF200151620 /* AssteroidsUITestsLaunchTests.swift in Sources */ = {isa = PBXBuildFile; fileRef = 2CB471A02AFC7FF200151620 /* AssteroidsUITestsLaunchTests.swift */; };
		2CBD45FE2B60C7BD00B5E3DA /* CustomContainerNode.swift in Sources */ = {isa = PBXBuildFile; fileRef = 2CBD45FD2B60C7BD00B5E3DA /* CustomContainerNode.swift */; };
		2CBD46002B60C81200B5E3DA /* Asteroid.swift in Sources */ = {isa = PBXBuildFile; fileRef = 2CBD45FF2B60C81200B5E3DA /* Asteroid.swift */; };
		E2E79A0E2C101EF000621CDA /* ScoreCounter.swift in Sources */ = {isa = PBXBuildFile; fileRef = E2E79A0D2C101EEF00621CDA /* ScoreCounter.swift */; };
		E2E79A102C101F0A00621CDA /* LivesGallery.swift in Sources */ = {isa = PBXBuildFile; fileRef = E2E79A0F2C101F0A00621CDA /* LivesGallery.swift */; };
		E2E79A122C101F4000621CDA /* Rotate.swift in Sources */ = {isa = PBXBuildFile; fileRef = E2E79A112C101F4000621CDA /* Rotate.swift */; };
		E2E79A152C101F6E00621CDA /* Spaceship.swift in Sources */ = {isa = PBXBuildFile; fileRef = E2E79A142C101F6E00621CDA /* Spaceship.swift */; };
		E2E79A172C101F8100621CDA /* Trigger.swift in Sources */ = {isa = PBXBuildFile; fileRef = E2E79A162C101F8100621CDA /* Trigger.swift */; };
		E2E79A192C101F9B00621CDA /* Poop.swift in Sources */ = {isa = PBXBuildFile; fileRef = E2E79A182C101F9B00621CDA /* Poop.swift */; };
		E2E79A1B2C101FB500621CDA /* Thrust.swift in Sources */ = {isa = PBXBuildFile; fileRef = E2E79A1A2C101FB500621CDA /* Thrust.swift */; };
		E2E79A1F2C101FF500621CDA /* Assteroid.swift in Sources */ = {isa = PBXBuildFile; fileRef = E2E79A1E2C101FF500621CDA /* Assteroid.swift */; };
/* End PBXBuildFile section */

/* Begin PBXContainerItemProxy section */
		2CB471912AFC7FF100151620 /* PBXContainerItemProxy */ = {
			isa = PBXContainerItemProxy;
			containerPortal = 2CB4716F2AFC7FED00151620 /* Project object */;
			proxyType = 1;
			remoteGlobalIDString = 2CB471762AFC7FEE00151620;
			remoteInfo = Assteroids;
		};
		2CB4719B2AFC7FF200151620 /* PBXContainerItemProxy */ = {
			isa = PBXContainerItemProxy;
			containerPortal = 2CB4716F2AFC7FED00151620 /* Project object */;
			proxyType = 1;
			remoteGlobalIDString = 2CB471762AFC7FEE00151620;
			remoteInfo = Assteroids;
		};
/* End PBXContainerItemProxy section */

/* Begin PBXFileReference section */
		2CB471772AFC7FEE00151620 /* Assteroids.app */ = {isa = PBXFileReference; explicitFileType = wrapper.application; includeInIndex = 0; path = Assteroids.app; sourceTree = BUILT_PRODUCTS_DIR; };
		2CB4717A2AFC7FEE00151620 /* AppDelegate.swift */ = {isa = PBXFileReference; lastKnownFileType = sourcecode.swift; path = AppDelegate.swift; sourceTree = "<group>"; };
		2CB4717C2AFC7FEE00151620 /* GameScene.sks */ = {isa = PBXFileReference; lastKnownFileType = file.sks; path = GameScene.sks; sourceTree = "<group>"; };
		2CB4717E2AFC7FEE00151620 /* Actions.sks */ = {isa = PBXFileReference; lastKnownFileType = file.sks; path = Actions.sks; sourceTree = "<group>"; };
		2CB471802AFC7FEE00151620 /* GameScene.swift */ = {isa = PBXFileReference; lastKnownFileType = sourcecode.swift; path = GameScene.swift; sourceTree = "<group>"; };
		2CB471822AFC7FEE00151620 /* GameViewController.swift */ = {isa = PBXFileReference; lastKnownFileType = sourcecode.swift; path = GameViewController.swift; sourceTree = "<group>"; };
		2CB471852AFC7FEE00151620 /* Base */ = {isa = PBXFileReference; lastKnownFileType = file.storyboard; name = Base; path = Base.lproj/Main.storyboard; sourceTree = "<group>"; };
		2CB471872AFC7FF100151620 /* Assets.xcassets */ = {isa = PBXFileReference; lastKnownFileType = folder.assetcatalog; path = Assets.xcassets; sourceTree = "<group>"; };
		2CB4718A2AFC7FF100151620 /* Base */ = {isa = PBXFileReference; lastKnownFileType = file.storyboard; name = Base; path = Base.lproj/LaunchScreen.storyboard; sourceTree = "<group>"; };
		2CB471902AFC7FF100151620 /* AssteroidsTests.xctest */ = {isa = PBXFileReference; explicitFileType = wrapper.cfbundle; includeInIndex = 0; path = AssteroidsTests.xctest; sourceTree = BUILT_PRODUCTS_DIR; };
		2CB471942AFC7FF100151620 /* AssteroidsTests.swift */ = {isa = PBXFileReference; lastKnownFileType = sourcecode.swift; path = AssteroidsTests.swift; sourceTree = "<group>"; };
		2CB4719A2AFC7FF200151620 /* AssteroidsUITests.xctest */ = {isa = PBXFileReference; explicitFileType = wrapper.cfbundle; includeInIndex = 0; path = AssteroidsUITests.xctest; sourceTree = BUILT_PRODUCTS_DIR; };
		2CB4719E2AFC7FF200151620 /* AssteroidsUITests.swift */ = {isa = PBXFileReference; lastKnownFileType = sourcecode.swift; path = AssteroidsUITests.swift; sourceTree = "<group>"; };
		2CB471A02AFC7FF200151620 /* AssteroidsUITestsLaunchTests.swift */ = {isa = PBXFileReference; lastKnownFileType = sourcecode.swift; path = AssteroidsUITestsLaunchTests.swift; sourceTree = "<group>"; };
		2CB471AD2B0DB75300151620 /* Info.plist */ = {isa = PBXFileReference; lastKnownFileType = text.plist; path = Info.plist; sourceTree = "<group>"; };
		2CBD45FD2B60C7BD00B5E3DA /* CustomContainerNode.swift */ = {isa = PBXFileReference; lastKnownFileType = sourcecode.swift; path = CustomContainerNode.swift; sourceTree = "<group>"; };
		2CBD45FF2B60C81200B5E3DA /* Asteroid.swift */ = {isa = PBXFileReference; lastKnownFileType = sourcecode.swift; path = Asteroid.swift; sourceTree = "<group>"; };
		E2E79A0D2C101EEF00621CDA /* ScoreCounter.swift */ = {isa = PBXFileReference; lastKnownFileType = sourcecode.swift; path = ScoreCounter.swift; sourceTree = "<group>"; };
		E2E79A0F2C101F0A00621CDA /* LivesGallery.swift */ = {isa = PBXFileReference; lastKnownFileType = sourcecode.swift; path = LivesGallery.swift; sourceTree = "<group>"; };
		E2E79A112C101F4000621CDA /* Rotate.swift */ = {isa = PBXFileReference; lastKnownFileType = sourcecode.swift; path = Rotate.swift; sourceTree = "<group>"; };
		E2E79A142C101F6E00621CDA /* Spaceship.swift */ = {isa = PBXFileReference; lastKnownFileType = sourcecode.swift; path = Spaceship.swift; sourceTree = "<group>"; };
		E2E79A162C101F8100621CDA /* Trigger.swift */ = {isa = PBXFileReference; lastKnownFileType = sourcecode.swift; path = Trigger.swift; sourceTree = "<group>"; };
		E2E79A182C101F9B00621CDA /* Poop.swift */ = {isa = PBXFileReference; lastKnownFileType = sourcecode.swift; path = Poop.swift; sourceTree = "<group>"; };
		E2E79A1A2C101FB500621CDA /* Thrust.swift */ = {isa = PBXFileReference; lastKnownFileType = sourcecode.swift; path = Thrust.swift; sourceTree = "<group>"; };
		E2E79A1E2C101FF500621CDA /* Assteroid.swift */ = {isa = PBXFileReference; lastKnownFileType = sourcecode.swift; path = Assteroid.swift; sourceTree = "<group>"; };
/* End PBXFileReference section */

/* Begin PBXFrameworksBuildPhase section */
		2CB471742AFC7FEE00151620 /* Frameworks */ = {
			isa = PBXFrameworksBuildPhase;
			buildActionMask = 2147483647;
			files = (
			);
			runOnlyForDeploymentPostprocessing = 0;
		};
		2CB4718D2AFC7FF100151620 /* Frameworks */ = {
			isa = PBXFrameworksBuildPhase;
			buildActionMask = 2147483647;
			files = (
			);
			runOnlyForDeploymentPostprocessing = 0;
		};
		2CB471972AFC7FF200151620 /* Frameworks */ = {
			isa = PBXFrameworksBuildPhase;
			buildActionMask = 2147483647;
			files = (
			);
			runOnlyForDeploymentPostprocessing = 0;
		};
/* End PBXFrameworksBuildPhase section */

/* Begin PBXGroup section */
		2CB4716E2AFC7FED00151620 = {
			isa = PBXGroup;
			children = (
				2CB471792AFC7FEE00151620 /* Assteroids */,
				2CB471932AFC7FF100151620 /* AssteroidsTests */,
				2CB4719D2AFC7FF200151620 /* AssteroidsUITests */,
				2CB471782AFC7FEE00151620 /* Products */,
			);
			sourceTree = "<group>";
		};
		2CB471782AFC7FEE00151620 /* Products */ = {
			isa = PBXGroup;
			children = (
				2CB471772AFC7FEE00151620 /* Assteroids.app */,
				2CB471902AFC7FF100151620 /* AssteroidsTests.xctest */,
				2CB4719A2AFC7FF200151620 /* AssteroidsUITests.xctest */,
			);
			name = Products;
			sourceTree = "<group>";
		};
		2CB471792AFC7FEE00151620 /* Assteroids */ = {
			isa = PBXGroup;
			children = (
				E2E79A0A2C101EAE00621CDA /* View */,
				E2E79A0B2C101EB600621CDA /* Controller */,
				2CB471AD2B0DB75300151620 /* Info.plist */,
				E2E79A0C2C101EC600621CDA /* Model */,
				2CB4717A2AFC7FEE00151620 /* AppDelegate.swift */,
				2CB4717C2AFC7FEE00151620 /* GameScene.sks */,
				2CB4717E2AFC7FEE00151620 /* Actions.sks */,
				2CBD45FF2B60C81200B5E3DA /* Asteroid.swift */,
				2CBD45FD2B60C7BD00B5E3DA /* CustomContainerNode.swift */,
				2CB471842AFC7FEE00151620 /* Main.storyboard */,
				2CB471872AFC7FF100151620 /* Assets.xcassets */,
				2CB471892AFC7FF100151620 /* LaunchScreen.storyboard */,
			);
			path = Assteroids;
			sourceTree = "<group>";
		};
		2CB471932AFC7FF100151620 /* AssteroidsTests */ = {
			isa = PBXGroup;
			children = (
				2CB471942AFC7FF100151620 /* AssteroidsTests.swift */,
			);
			path = AssteroidsTests;
			sourceTree = "<group>";
		};
		2CB4719D2AFC7FF200151620 /* AssteroidsUITests */ = {
			isa = PBXGroup;
			children = (
				2CB4719E2AFC7FF200151620 /* AssteroidsUITests.swift */,
				2CB471A02AFC7FF200151620 /* AssteroidsUITestsLaunchTests.swift */,
			);
			path = AssteroidsUITests;
			sourceTree = "<group>";
		};
		E2E79A0A2C101EAE00621CDA /* View */ = {
			isa = PBXGroup;
			children = (
				2CB471802AFC7FEE00151620 /* GameScene.swift */,
			);
			path = View;
			sourceTree = "<group>";
		};
		E2E79A0B2C101EB600621CDA /* Controller */ = {
			isa = PBXGroup;
			children = (
				2CB471822AFC7FEE00151620 /* GameViewController.swift */,
			);
			path = Controller;
			sourceTree = "<group>";
		};
		E2E79A0C2C101EC600621CDA /* Model */ = {
			isa = PBXGroup;
			children = (
				E2E79A0D2C101EEF00621CDA /* ScoreCounter.swift */,
				E2E79A0F2C101F0A00621CDA /* LivesGallery.swift */,
				E2E79A112C101F4000621CDA /* Rotate.swift */,
				E2E79A142C101F6E00621CDA /* Spaceship.swift */,
				E2E79A162C101F8100621CDA /* Trigger.swift */,
				E2E79A182C101F9B00621CDA /* Poop.swift */,
				E2E79A1A2C101FB500621CDA /* Thrust.swift */,
				E2E79A1E2C101FF500621CDA /* Assteroid.swift */,
			);
			path = Model;
			sourceTree = "<group>";
		};
/* End PBXGroup section */

/* Begin PBXNativeTarget section */
		2CB471762AFC7FEE00151620 /* Assteroids */ = {
			isa = PBXNativeTarget;
			buildConfigurationList = 2CB471A42AFC7FF200151620 /* Build configuration list for PBXNativeTarget "Assteroids" */;
			buildPhases = (
				2CB471732AFC7FEE00151620 /* Sources */,
				2CB471742AFC7FEE00151620 /* Frameworks */,
				2CB471752AFC7FEE00151620 /* Resources */,
			);
			buildRules = (
			);
			dependencies = (
			);
			name = Assteroids;
			productName = Assteroids;
			productReference = 2CB471772AFC7FEE00151620 /* Assteroids.app */;
			productType = "com.apple.product-type.application";
		};
		2CB4718F2AFC7FF100151620 /* AssteroidsTests */ = {
			isa = PBXNativeTarget;
			buildConfigurationList = 2CB471A72AFC7FF200151620 /* Build configuration list for PBXNativeTarget "AssteroidsTests" */;
			buildPhases = (
				2CB4718C2AFC7FF100151620 /* Sources */,
				2CB4718D2AFC7FF100151620 /* Frameworks */,
				2CB4718E2AFC7FF100151620 /* Resources */,
			);
			buildRules = (
			);
			dependencies = (
				2CB471922AFC7FF100151620 /* PBXTargetDependency */,
			);
			name = AssteroidsTests;
			productName = AssteroidsTests;
			productReference = 2CB471902AFC7FF100151620 /* AssteroidsTests.xctest */;
			productType = "com.apple.product-type.bundle.unit-test";
		};
		2CB471992AFC7FF200151620 /* AssteroidsUITests */ = {
			isa = PBXNativeTarget;
			buildConfigurationList = 2CB471AA2AFC7FF200151620 /* Build configuration list for PBXNativeTarget "AssteroidsUITests" */;
			buildPhases = (
				2CB471962AFC7FF200151620 /* Sources */,
				2CB471972AFC7FF200151620 /* Frameworks */,
				2CB471982AFC7FF200151620 /* Resources */,
			);
			buildRules = (
			);
			dependencies = (
				2CB4719C2AFC7FF200151620 /* PBXTargetDependency */,
			);
			name = AssteroidsUITests;
			productName = AssteroidsUITests;
			productReference = 2CB4719A2AFC7FF200151620 /* AssteroidsUITests.xctest */;
			productType = "com.apple.product-type.bundle.ui-testing";
		};
/* End PBXNativeTarget section */

/* Begin PBXProject section */
		2CB4716F2AFC7FED00151620 /* Project object */ = {
			isa = PBXProject;
			attributes = {
				BuildIndependentTargetsInParallel = 1;
				LastSwiftUpdateCheck = 1500;
				LastUpgradeCheck = 1500;
				TargetAttributes = {
					2CB471762AFC7FEE00151620 = {
						CreatedOnToolsVersion = 15.0.1;
					};
					2CB4718F2AFC7FF100151620 = {
						CreatedOnToolsVersion = 15.0.1;
						TestTargetID = 2CB471762AFC7FEE00151620;
					};
					2CB471992AFC7FF200151620 = {
						CreatedOnToolsVersion = 15.0.1;
						TestTargetID = 2CB471762AFC7FEE00151620;
					};
				};
			};
			buildConfigurationList = 2CB471722AFC7FED00151620 /* Build configuration list for PBXProject "Assteroids" */;
			compatibilityVersion = "Xcode 14.0";
			developmentRegion = en;
			hasScannedForEncodings = 0;
			knownRegions = (
				en,
				Base,
			);
			mainGroup = 2CB4716E2AFC7FED00151620;
			productRefGroup = 2CB471782AFC7FEE00151620 /* Products */;
			projectDirPath = "";
			projectRoot = "";
			targets = (
				2CB471762AFC7FEE00151620 /* Assteroids */,
				2CB4718F2AFC7FF100151620 /* AssteroidsTests */,
				2CB471992AFC7FF200151620 /* AssteroidsUITests */,
			);
		};
/* End PBXProject section */

/* Begin PBXResourcesBuildPhase section */
		2CB471752AFC7FEE00151620 /* Resources */ = {
			isa = PBXResourcesBuildPhase;
			buildActionMask = 2147483647;
			files = (
				2CB471862AFC7FEE00151620 /* Main.storyboard in Resources */,
				2CB4717D2AFC7FEE00151620 /* GameScene.sks in Resources */,
				2CB471882AFC7FF100151620 /* Assets.xcassets in Resources */,
				2CB4718B2AFC7FF100151620 /* LaunchScreen.storyboard in Resources */,
				2CB4717F2AFC7FEE00151620 /* Actions.sks in Resources */,
			);
			runOnlyForDeploymentPostprocessing = 0;
		};
		2CB4718E2AFC7FF100151620 /* Resources */ = {
			isa = PBXResourcesBuildPhase;
			buildActionMask = 2147483647;
			files = (
			);
			runOnlyForDeploymentPostprocessing = 0;
		};
		2CB471982AFC7FF200151620 /* Resources */ = {
			isa = PBXResourcesBuildPhase;
			buildActionMask = 2147483647;
			files = (
			);
			runOnlyForDeploymentPostprocessing = 0;
		};
/* End PBXResourcesBuildPhase section */

/* Begin PBXSourcesBuildPhase section */
		2CB471732AFC7FEE00151620 /* Sources */ = {
			isa = PBXSourcesBuildPhase;
			buildActionMask = 2147483647;
			files = (
				E2E79A152C101F6E00621CDA /* Spaceship.swift in Sources */,
				2CBD45FE2B60C7BD00B5E3DA /* CustomContainerNode.swift in Sources */,
				E2E79A0E2C101EF000621CDA /* ScoreCounter.swift in Sources */,
				E2E79A192C101F9B00621CDA /* Poop.swift in Sources */,
				2CB471812AFC7FEE00151620 /* GameScene.swift in Sources */,
				E2E79A1B2C101FB500621CDA /* Thrust.swift in Sources */,
				2CBD46002B60C81200B5E3DA /* Asteroid.swift in Sources */,
				E2E79A102C101F0A00621CDA /* LivesGallery.swift in Sources */,
				2CB471832AFC7FEE00151620 /* GameViewController.swift in Sources */,
				E2E79A1F2C101FF500621CDA /* Assteroid.swift in Sources */,
				E2E79A122C101F4000621CDA /* Rotate.swift in Sources */,
				E2E79A172C101F8100621CDA /* Trigger.swift in Sources */,
				2CB4717B2AFC7FEE00151620 /* AppDelegate.swift in Sources */,
			);
			runOnlyForDeploymentPostprocessing = 0;
		};
		2CB4718C2AFC7FF100151620 /* Sources */ = {
			isa = PBXSourcesBuildPhase;
			buildActionMask = 2147483647;
			files = (
				2CB471952AFC7FF100151620 /* AssteroidsTests.swift in Sources */,
			);
			runOnlyForDeploymentPostprocessing = 0;
		};
		2CB471962AFC7FF200151620 /* Sources */ = {
			isa = PBXSourcesBuildPhase;
			buildActionMask = 2147483647;
			files = (
				2CB4719F2AFC7FF200151620 /* AssteroidsUITests.swift in Sources */,
				2CB471A12AFC7FF200151620 /* AssteroidsUITestsLaunchTests.swift in Sources */,
			);
			runOnlyForDeploymentPostprocessing = 0;
		};
/* End PBXSourcesBuildPhase section */

/* Begin PBXTargetDependency section */
		2CB471922AFC7FF100151620 /* PBXTargetDependency */ = {
			isa = PBXTargetDependency;
			target = 2CB471762AFC7FEE00151620 /* Assteroids */;
			targetProxy = 2CB471912AFC7FF100151620 /* PBXContainerItemProxy */;
		};
		2CB4719C2AFC7FF200151620 /* PBXTargetDependency */ = {
			isa = PBXTargetDependency;
			target = 2CB471762AFC7FEE00151620 /* Assteroids */;
			targetProxy = 2CB4719B2AFC7FF200151620 /* PBXContainerItemProxy */;
		};
/* End PBXTargetDependency section */

/* Begin PBXVariantGroup section */
		2CB471842AFC7FEE00151620 /* Main.storyboard */ = {
			isa = PBXVariantGroup;
			children = (
				2CB471852AFC7FEE00151620 /* Base */,
			);
			name = Main.storyboard;
			sourceTree = "<group>";
		};
		2CB471892AFC7FF100151620 /* LaunchScreen.storyboard */ = {
			isa = PBXVariantGroup;
			children = (
				2CB4718A2AFC7FF100151620 /* Base */,
			);
			name = LaunchScreen.storyboard;
			sourceTree = "<group>";
		};
/* End PBXVariantGroup section */

/* Begin XCBuildConfiguration section */
		2CB471A22AFC7FF200151620 /* Debug */ = {
			isa = XCBuildConfiguration;
			buildSettings = {
				ALWAYS_SEARCH_USER_PATHS = NO;
				ASSETCATALOG_COMPILER_GENERATE_SWIFT_ASSET_SYMBOL_EXTENSIONS = YES;
				CLANG_ANALYZER_NONNULL = YES;
				CLANG_ANALYZER_NUMBER_OBJECT_CONVERSION = YES_AGGRESSIVE;
				CLANG_CXX_LANGUAGE_STANDARD = "gnu++20";
				CLANG_ENABLE_MODULES = YES;
				CLANG_ENABLE_OBJC_ARC = YES;
				CLANG_ENABLE_OBJC_WEAK = YES;
				CLANG_WARN_BLOCK_CAPTURE_AUTORELEASING = YES;
				CLANG_WARN_BOOL_CONVERSION = YES;
				CLANG_WARN_COMMA = YES;
				CLANG_WARN_CONSTANT_CONVERSION = YES;
				CLANG_WARN_DEPRECATED_OBJC_IMPLEMENTATIONS = YES;
				CLANG_WARN_DIRECT_OBJC_ISA_USAGE = YES_ERROR;
				CLANG_WARN_DOCUMENTATION_COMMENTS = YES;
				CLANG_WARN_EMPTY_BODY = YES;
				CLANG_WARN_ENUM_CONVERSION = YES;
				CLANG_WARN_INFINITE_RECURSION = YES;
				CLANG_WARN_INT_CONVERSION = YES;
				CLANG_WARN_NON_LITERAL_NULL_CONVERSION = YES;
				CLANG_WARN_OBJC_IMPLICIT_RETAIN_SELF = YES;
				CLANG_WARN_OBJC_LITERAL_CONVERSION = YES;
				CLANG_WARN_OBJC_ROOT_CLASS = YES_ERROR;
				CLANG_WARN_QUOTED_INCLUDE_IN_FRAMEWORK_HEADER = YES;
				CLANG_WARN_RANGE_LOOP_ANALYSIS = YES;
				CLANG_WARN_STRICT_PROTOTYPES = YES;
				CLANG_WARN_SUSPICIOUS_MOVE = YES;
				CLANG_WARN_UNGUARDED_AVAILABILITY = YES_AGGRESSIVE;
				CLANG_WARN_UNREACHABLE_CODE = YES;
				CLANG_WARN__DUPLICATE_METHOD_MATCH = YES;
				COPY_PHASE_STRIP = NO;
				DEBUG_INFORMATION_FORMAT = dwarf;
				ENABLE_STRICT_OBJC_MSGSEND = YES;
				ENABLE_TESTABILITY = YES;
				ENABLE_USER_SCRIPT_SANDBOXING = YES;
				GCC_C_LANGUAGE_STANDARD = gnu17;
				GCC_DYNAMIC_NO_PIC = NO;
				GCC_NO_COMMON_BLOCKS = YES;
				GCC_OPTIMIZATION_LEVEL = 0;
				GCC_PREPROCESSOR_DEFINITIONS = (
					"DEBUG=1",
					"$(inherited)",
				);
				GCC_WARN_64_TO_32_BIT_CONVERSION = YES;
				GCC_WARN_ABOUT_RETURN_TYPE = YES_ERROR;
				GCC_WARN_UNDECLARED_SELECTOR = YES;
				GCC_WARN_UNINITIALIZED_AUTOS = YES_AGGRESSIVE;
				GCC_WARN_UNUSED_FUNCTION = YES;
				GCC_WARN_UNUSED_VARIABLE = YES;
				IPHONEOS_DEPLOYMENT_TARGET = 17.0;
				LOCALIZATION_PREFERS_STRING_CATALOGS = YES;
				MTL_ENABLE_DEBUG_INFO = INCLUDE_SOURCE;
				MTL_FAST_MATH = YES;
				ONLY_ACTIVE_ARCH = YES;
				SDKROOT = iphoneos;
				SWIFT_ACTIVE_COMPILATION_CONDITIONS = "DEBUG $(inherited)";
				SWIFT_OPTIMIZATION_LEVEL = "-Onone";
			};
			name = Debug;
		};
		2CB471A32AFC7FF200151620 /* Release */ = {
			isa = XCBuildConfiguration;
			buildSettings = {
				ALWAYS_SEARCH_USER_PATHS = NO;
				ASSETCATALOG_COMPILER_GENERATE_SWIFT_ASSET_SYMBOL_EXTENSIONS = YES;
				CLANG_ANALYZER_NONNULL = YES;
				CLANG_ANALYZER_NUMBER_OBJECT_CONVERSION = YES_AGGRESSIVE;
				CLANG_CXX_LANGUAGE_STANDARD = "gnu++20";
				CLANG_ENABLE_MODULES = YES;
				CLANG_ENABLE_OBJC_ARC = YES;
				CLANG_ENABLE_OBJC_WEAK = YES;
				CLANG_WARN_BLOCK_CAPTURE_AUTORELEASING = YES;
				CLANG_WARN_BOOL_CONVERSION = YES;
				CLANG_WARN_COMMA = YES;
				CLANG_WARN_CONSTANT_CONVERSION = YES;
				CLANG_WARN_DEPRECATED_OBJC_IMPLEMENTATIONS = YES;
				CLANG_WARN_DIRECT_OBJC_ISA_USAGE = YES_ERROR;
				CLANG_WARN_DOCUMENTATION_COMMENTS = YES;
				CLANG_WARN_EMPTY_BODY = YES;
				CLANG_WARN_ENUM_CONVERSION = YES;
				CLANG_WARN_INFINITE_RECURSION = YES;
				CLANG_WARN_INT_CONVERSION = YES;
				CLANG_WARN_NON_LITERAL_NULL_CONVERSION = YES;
				CLANG_WARN_OBJC_IMPLICIT_RETAIN_SELF = YES;
				CLANG_WARN_OBJC_LITERAL_CONVERSION = YES;
				CLANG_WARN_OBJC_ROOT_CLASS = YES_ERROR;
				CLANG_WARN_QUOTED_INCLUDE_IN_FRAMEWORK_HEADER = YES;
				CLANG_WARN_RANGE_LOOP_ANALYSIS = YES;
				CLANG_WARN_STRICT_PROTOTYPES = YES;
				CLANG_WARN_SUSPICIOUS_MOVE = YES;
				CLANG_WARN_UNGUARDED_AVAILABILITY = YES_AGGRESSIVE;
				CLANG_WARN_UNREACHABLE_CODE = YES;
				CLANG_WARN__DUPLICATE_METHOD_MATCH = YES;
				COPY_PHASE_STRIP = NO;
				DEBUG_INFORMATION_FORMAT = "dwarf-with-dsym";
				ENABLE_NS_ASSERTIONS = NO;
				ENABLE_STRICT_OBJC_MSGSEND = YES;
				ENABLE_USER_SCRIPT_SANDBOXING = YES;
				GCC_C_LANGUAGE_STANDARD = gnu17;
				GCC_NO_COMMON_BLOCKS = YES;
				GCC_WARN_64_TO_32_BIT_CONVERSION = YES;
				GCC_WARN_ABOUT_RETURN_TYPE = YES_ERROR;
				GCC_WARN_UNDECLARED_SELECTOR = YES;
				GCC_WARN_UNINITIALIZED_AUTOS = YES_AGGRESSIVE;
				GCC_WARN_UNUSED_FUNCTION = YES;
				GCC_WARN_UNUSED_VARIABLE = YES;
				IPHONEOS_DEPLOYMENT_TARGET = 17.0;
				LOCALIZATION_PREFERS_STRING_CATALOGS = YES;
				MTL_ENABLE_DEBUG_INFO = NO;
				MTL_FAST_MATH = YES;
				SDKROOT = iphoneos;
				SWIFT_COMPILATION_MODE = wholemodule;
				VALIDATE_PRODUCT = YES;
			};
			name = Release;
		};
		2CB471A52AFC7FF200151620 /* Debug */ = {
			isa = XCBuildConfiguration;
			buildSettings = {
				ASSETCATALOG_COMPILER_APPICON_NAME = AppIcon;
				ASSETCATALOG_COMPILER_GLOBAL_ACCENT_COLOR_NAME = AccentColor;
				CODE_SIGN_STYLE = Automatic;
				CURRENT_PROJECT_VERSION = 1;
				DEVELOPMENT_TEAM = 79X64CRQXT;
				GENERATE_INFOPLIST_FILE = YES;
				INFOPLIST_FILE = Assteroids/Info.plist;
				INFOPLIST_KEY_CFBundleDisplayName = Assteroids;
				INFOPLIST_KEY_LSApplicationCategoryType = "public.app-category.arcade-games";
				INFOPLIST_KEY_UIApplicationSupportsIndirectInputEvents = YES;
				INFOPLIST_KEY_UILaunchStoryboardName = LaunchScreen;
				INFOPLIST_KEY_UIMainStoryboardFile = Main;
				INFOPLIST_KEY_UIStatusBarHidden = YES;
				INFOPLIST_KEY_UISupportedInterfaceOrientations = "UIInterfaceOrientationLandscapeLeft UIInterfaceOrientationLandscapeRight";
				LD_RUNPATH_SEARCH_PATHS = (
					"$(inherited)",
					"@executable_path/Frameworks",
				);
				MARKETING_VERSION = 1.0;
				PRODUCT_BUNDLE_IDENTIFIER = com.MarcusKim.Assteroids;
				PRODUCT_NAME = "$(TARGET_NAME)";
				SWIFT_EMIT_LOC_STRINGS = YES;
				SWIFT_VERSION = 5.0;
				TARGETED_DEVICE_FAMILY = "1,2";
			};
			name = Debug;
		};
		2CB471A62AFC7FF200151620 /* Release */ = {
			isa = XCBuildConfiguration;
			buildSettings = {
				ASSETCATALOG_COMPILER_APPICON_NAME = AppIcon;
				ASSETCATALOG_COMPILER_GLOBAL_ACCENT_COLOR_NAME = AccentColor;
				CODE_SIGN_STYLE = Automatic;
				CURRENT_PROJECT_VERSION = 1;
				DEVELOPMENT_TEAM = 79X64CRQXT;
				GENERATE_INFOPLIST_FILE = YES;
				INFOPLIST_FILE = Assteroids/Info.plist;
				INFOPLIST_KEY_CFBundleDisplayName = Assteroids;
				INFOPLIST_KEY_LSApplicationCategoryType = "public.app-category.arcade-games";
				INFOPLIST_KEY_UIApplicationSupportsIndirectInputEvents = YES;
				INFOPLIST_KEY_UILaunchStoryboardName = LaunchScreen;
				INFOPLIST_KEY_UIMainStoryboardFile = Main;
				INFOPLIST_KEY_UIStatusBarHidden = YES;
				INFOPLIST_KEY_UISupportedInterfaceOrientations = "UIInterfaceOrientationLandscapeLeft UIInterfaceOrientationLandscapeRight";
				LD_RUNPATH_SEARCH_PATHS = (
					"$(inherited)",
					"@executable_path/Frameworks",
				);
				MARKETING_VERSION = 1.0;
				PRODUCT_BUNDLE_IDENTIFIER = com.MarcusKim.Assteroids;
				PRODUCT_NAME = "$(TARGET_NAME)";
				SWIFT_EMIT_LOC_STRINGS = YES;
				SWIFT_VERSION = 5.0;
				TARGETED_DEVICE_FAMILY = "1,2";
			};
			name = Release;
		};
		2CB471A82AFC7FF200151620 /* Debug */ = {
			isa = XCBuildConfiguration;
			buildSettings = {
				ALWAYS_EMBED_SWIFT_STANDARD_LIBRARIES = YES;
				BUNDLE_LOADER = "$(TEST_HOST)";
				CODE_SIGN_STYLE = Automatic;
				CURRENT_PROJECT_VERSION = 1;
				DEVELOPMENT_TEAM = 79X64CRQXT;
				GENERATE_INFOPLIST_FILE = YES;
				IPHONEOS_DEPLOYMENT_TARGET = 17.0;
				MARKETING_VERSION = 1.0;
				PRODUCT_BUNDLE_IDENTIFIER = com.MarcusKim.AssteroidsTests;
				PRODUCT_NAME = "$(TARGET_NAME)";
				SWIFT_EMIT_LOC_STRINGS = NO;
				SWIFT_VERSION = 5.0;
				TARGETED_DEVICE_FAMILY = "1,2";
				TEST_HOST = "$(BUILT_PRODUCTS_DIR)/Assteroids.app/$(BUNDLE_EXECUTABLE_FOLDER_PATH)/Assteroids";
			};
			name = Debug;
		};
		2CB471A92AFC7FF200151620 /* Release */ = {
			isa = XCBuildConfiguration;
			buildSettings = {
				ALWAYS_EMBED_SWIFT_STANDARD_LIBRARIES = YES;
				BUNDLE_LOADER = "$(TEST_HOST)";
				CODE_SIGN_STYLE = Automatic;
				CURRENT_PROJECT_VERSION = 1;
				DEVELOPMENT_TEAM = 79X64CRQXT;
				GENERATE_INFOPLIST_FILE = YES;
				IPHONEOS_DEPLOYMENT_TARGET = 17.0;
				MARKETING_VERSION = 1.0;
				PRODUCT_BUNDLE_IDENTIFIER = com.MarcusKim.AssteroidsTests;
				PRODUCT_NAME = "$(TARGET_NAME)";
				SWIFT_EMIT_LOC_STRINGS = NO;
				SWIFT_VERSION = 5.0;
				TARGETED_DEVICE_FAMILY = "1,2";
				TEST_HOST = "$(BUILT_PRODUCTS_DIR)/Assteroids.app/$(BUNDLE_EXECUTABLE_FOLDER_PATH)/Assteroids";
			};
			name = Release;
		};
		2CB471AB2AFC7FF200151620 /* Debug */ = {
			isa = XCBuildConfiguration;
			buildSettings = {
				ALWAYS_EMBED_SWIFT_STANDARD_LIBRARIES = YES;
				CODE_SIGN_STYLE = Automatic;
				CURRENT_PROJECT_VERSION = 1;
				DEVELOPMENT_TEAM = 79X64CRQXT;
				GENERATE_INFOPLIST_FILE = YES;
				MARKETING_VERSION = 1.0;
				PRODUCT_BUNDLE_IDENTIFIER = com.MarcusKim.AssteroidsUITests;
				PRODUCT_NAME = "$(TARGET_NAME)";
				SWIFT_EMIT_LOC_STRINGS = NO;
				SWIFT_VERSION = 5.0;
				TARGETED_DEVICE_FAMILY = "1,2";
				TEST_TARGET_NAME = Assteroids;
			};
			name = Debug;
		};
		2CB471AC2AFC7FF200151620 /* Release */ = {
			isa = XCBuildConfiguration;
			buildSettings = {
				ALWAYS_EMBED_SWIFT_STANDARD_LIBRARIES = YES;
				CODE_SIGN_STYLE = Automatic;
				CURRENT_PROJECT_VERSION = 1;
				DEVELOPMENT_TEAM = 79X64CRQXT;
				GENERATE_INFOPLIST_FILE = YES;
				MARKETING_VERSION = 1.0;
				PRODUCT_BUNDLE_IDENTIFIER = com.MarcusKim.AssteroidsUITests;
				PRODUCT_NAME = "$(TARGET_NAME)";
				SWIFT_EMIT_LOC_STRINGS = NO;
				SWIFT_VERSION = 5.0;
				TARGETED_DEVICE_FAMILY = "1,2";
				TEST_TARGET_NAME = Assteroids;
			};
			name = Release;
		};
/* End XCBuildConfiguration section */

/* Begin XCConfigurationList section */
		2CB471722AFC7FED00151620 /* Build configuration list for PBXProject "Assteroids" */ = {
			isa = XCConfigurationList;
			buildConfigurations = (
				2CB471A22AFC7FF200151620 /* Debug */,
				2CB471A32AFC7FF200151620 /* Release */,
			);
			defaultConfigurationIsVisible = 0;
			defaultConfigurationName = Release;
		};
		2CB471A42AFC7FF200151620 /* Build configuration list for PBXNativeTarget "Assteroids" */ = {
			isa = XCConfigurationList;
			buildConfigurations = (
				2CB471A52AFC7FF200151620 /* Debug */,
				2CB471A62AFC7FF200151620 /* Release */,
			);
			defaultConfigurationIsVisible = 0;
			defaultConfigurationName = Release;
		};
		2CB471A72AFC7FF200151620 /* Build configuration list for PBXNativeTarget "AssteroidsTests" */ = {
			isa = XCConfigurationList;
			buildConfigurations = (
				2CB471A82AFC7FF200151620 /* Debug */,
				2CB471A92AFC7FF200151620 /* Release */,
			);
			defaultConfigurationIsVisible = 0;
			defaultConfigurationName = Release;
		};
		2CB471AA2AFC7FF200151620 /* Build configuration list for PBXNativeTarget "AssteroidsUITests" */ = {
			isa = XCConfigurationList;
			buildConfigurations = (
				2CB471AB2AFC7FF200151620 /* Debug */,
				2CB471AC2AFC7FF200151620 /* Release */,
			);
			defaultConfigurationIsVisible = 0;
			defaultConfigurationName = Release;
		};
/* End XCConfigurationList section */
	};
	rootObject = 2CB4716F2AFC7FED00151620 /* Project object */;
}
